// !$*UTF8*$!
{
	archiveVersion = 1;
	classes = {
	};
	objectVersion = 46;
	objects = {

/* Begin PBXBuildFile section */
		8217E8F11D8283FC002340BF /* main.m in Sources */ = {isa = PBXBuildFile; fileRef = 8217E8F01D8283FC002340BF /* main.m */; };
		8217E8F41D8283FC002340BF /* AppDelegate.m in Sources */ = {isa = PBXBuildFile; fileRef = 8217E8F31D8283FC002340BF /* AppDelegate.m */; };
		8217E8F71D8283FC002340BF /* ViewController.m in Sources */ = {isa = PBXBuildFile; fileRef = 8217E8F61D8283FC002340BF /* ViewController.m */; };
		8217E8FA1D8283FC002340BF /* Main.storyboard in Resources */ = {isa = PBXBuildFile; fileRef = 8217E8F81D8283FC002340BF /* Main.storyboard */; };
		8217E8FC1D8283FC002340BF /* Assets.xcassets in Resources */ = {isa = PBXBuildFile; fileRef = 8217E8FB1D8283FC002340BF /* Assets.xcassets */; };
		8217E8FF1D8283FC002340BF /* LaunchScreen.storyboard in Resources */ = {isa = PBXBuildFile; fileRef = 8217E8FD1D8283FC002340BF /* LaunchScreen.storyboard */; };
		8217E9091D828579002340BF /* HBTCPClientInstance.m in Sources */ = {isa = PBXBuildFile; fileRef = 8217E9081D828579002340BF /* HBTCPClientInstance.m */; };
		8217E90C1D828795002340BF /* HBTCPHelper.m in Sources */ = {isa = PBXBuildFile; fileRef = 8217E90B1D828795002340BF /* HBTCPHelper.m */; };
		8217E91A1D82B4F7002340BF /* base64.cc in Sources */ = {isa = PBXBuildFile; fileRef = 8217E90F1D82B4F7002340BF /* base64.cc */; };
		8217E91B1D82B4F7002340BF /* client.cpp in Sources */ = {isa = PBXBuildFile; fileRef = 8217E9111D82B4F7002340BF /* client.cpp */; };
		8217E91C1D82B4F7002340BF /* interface.cpp in Sources */ = {isa = PBXBuildFile; fileRef = 8217E9131D82B4F7002340BF /* interface.cpp */; };
		8217E91D1D82B4F7002340BF /* protocol.c in Sources */ = {isa = PBXBuildFile; fileRef = 8217E9151D82B4F7002340BF /* protocol.c */; };
		8217E91F1D82B4F7002340BF /* utils.c in Sources */ = {isa = PBXBuildFile; fileRef = 8217E9181D82B4F7002340BF /* utils.c */; };
		8234E8861D869BED0065BAE9 /* HBTCPHeader.m in Sources */ = {isa = PBXBuildFile; fileRef = 8234E8851D869BED0065BAE9 /* HBTCPHeader.m */; };
		8234E8891D869DB70065BAE9 /* HBTCPResponse.m in Sources */ = {isa = PBXBuildFile; fileRef = 8234E8881D869DB70065BAE9 /* HBTCPResponse.m */; };
		8234E88C1D86A9920065BAE9 /* HBTCPRegisterRequest.m in Sources */ = {isa = PBXBuildFile; fileRef = 8234E88B1D86A9920065BAE9 /* HBTCPRegisterRequest.m */; };
		82CEBAE81D8790550097FF01 /* HBTCPApiManager.m in Sources */ = {isa = PBXBuildFile; fileRef = 82CEBAE71D8790550097FF01 /* HBTCPApiManager.m */; };
		82CEBAEB1D8794E90097FF01 /* HBTCPHeartRequest.m in Sources */ = {isa = PBXBuildFile; fileRef = 82CEBAEA1D8794E90097FF01 /* HBTCPHeartRequest.m */; };
		82CEBAEE1D879A2F0097FF01 /* HBNotificationKey.m in Sources */ = {isa = PBXBuildFile; fileRef = 82CEBAED1D879A2F0097FF01 /* HBNotificationKey.m */; };
/* End PBXBuildFile section */

/* Begin PBXFileReference section */
		8217E8EC1D8283FC002340BF /* ShellSocket.app */ = {isa = PBXFileReference; explicitFileType = wrapper.application; includeInIndex = 0; path = ShellSocket.app; sourceTree = BUILT_PRODUCTS_DIR; };
		8217E8F01D8283FC002340BF /* main.m */ = {isa = PBXFileReference; lastKnownFileType = sourcecode.c.objc; path = main.m; sourceTree = "<group>"; };
		8217E8F21D8283FC002340BF /* AppDelegate.h */ = {isa = PBXFileReference; lastKnownFileType = sourcecode.c.h; path = AppDelegate.h; sourceTree = "<group>"; };
		8217E8F31D8283FC002340BF /* AppDelegate.m */ = {isa = PBXFileReference; lastKnownFileType = sourcecode.c.objc; path = AppDelegate.m; sourceTree = "<group>"; };
		8217E8F51D8283FC002340BF /* ViewController.h */ = {isa = PBXFileReference; lastKnownFileType = sourcecode.c.h; path = ViewController.h; sourceTree = "<group>"; };
		8217E8F61D8283FC002340BF /* ViewController.m */ = {isa = PBXFileReference; lastKnownFileType = sourcecode.c.objc; path = ViewController.m; sourceTree = "<group>"; };
		8217E8F91D8283FC002340BF /* Base */ = {isa = PBXFileReference; lastKnownFileType = file.storyboard; name = Base; path = Base.lproj/Main.storyboard; sourceTree = "<group>"; };
		8217E8FB1D8283FC002340BF /* Assets.xcassets */ = {isa = PBXFileReference; lastKnownFileType = folder.assetcatalog; path = Assets.xcassets; sourceTree = "<group>"; };
		8217E8FE1D8283FC002340BF /* Base */ = {isa = PBXFileReference; lastKnownFileType = file.storyboard; name = Base; path = Base.lproj/LaunchScreen.storyboard; sourceTree = "<group>"; };
		8217E9001D8283FC002340BF /* Info.plist */ = {isa = PBXFileReference; lastKnownFileType = text.plist.xml; path = Info.plist; sourceTree = "<group>"; };
		8217E9071D828579002340BF /* HBTCPClientInstance.h */ = {isa = PBXFileReference; fileEncoding = 4; lastKnownFileType = sourcecode.c.h; path = HBTCPClientInstance.h; sourceTree = "<group>"; };
		8217E9081D828579002340BF /* HBTCPClientInstance.m */ = {isa = PBXFileReference; fileEncoding = 4; lastKnownFileType = sourcecode.c.objc; path = HBTCPClientInstance.m; sourceTree = "<group>"; };
		8217E90A1D828795002340BF /* HBTCPHelper.h */ = {isa = PBXFileReference; fileEncoding = 4; lastKnownFileType = sourcecode.c.h; path = HBTCPHelper.h; sourceTree = "<group>"; };
		8217E90B1D828795002340BF /* HBTCPHelper.m */ = {isa = PBXFileReference; fileEncoding = 4; lastKnownFileType = sourcecode.c.objc; path = HBTCPHelper.m; sourceTree = "<group>"; };
		8217E90D1D828F69002340BF /* HBTCPEnum.h */ = {isa = PBXFileReference; lastKnownFileType = sourcecode.c.h; path = HBTCPEnum.h; sourceTree = "<group>"; };
		8217E90F1D82B4F7002340BF /* base64.cc */ = {isa = PBXFileReference; fileEncoding = 4; lastKnownFileType = sourcecode.cpp.cpp; path = base64.cc; sourceTree = "<group>"; };
		8217E9101D82B4F7002340BF /* base64.h */ = {isa = PBXFileReference; fileEncoding = 4; lastKnownFileType = sourcecode.c.h; path = base64.h; sourceTree = "<group>"; };
		8217E9111D82B4F7002340BF /* client.cpp */ = {isa = PBXFileReference; fileEncoding = 4; lastKnownFileType = sourcecode.cpp.cpp; path = client.cpp; sourceTree = "<group>"; };
		8217E9121D82B4F7002340BF /* client.h */ = {isa = PBXFileReference; fileEncoding = 4; lastKnownFileType = sourcecode.c.h; path = client.h; sourceTree = "<group>"; };
		8217E9131D82B4F7002340BF /* interface.cpp */ = {isa = PBXFileReference; fileEncoding = 4; lastKnownFileType = sourcecode.cpp.cpp; path = interface.cpp; sourceTree = "<group>"; };
		8217E9141D82B4F7002340BF /* interface.h */ = {isa = PBXFileReference; fileEncoding = 4; lastKnownFileType = sourcecode.c.h; path = interface.h; sourceTree = "<group>"; };
		8217E9151D82B4F7002340BF /* protocol.c */ = {isa = PBXFileReference; fileEncoding = 4; lastKnownFileType = sourcecode.c.c; path = protocol.c; sourceTree = "<group>"; };
		8217E9161D82B4F7002340BF /* protocol.h */ = {isa = PBXFileReference; fileEncoding = 4; lastKnownFileType = sourcecode.c.h; path = protocol.h; sourceTree = "<group>"; };
		8217E9181D82B4F7002340BF /* utils.c */ = {isa = PBXFileReference; fileEncoding = 4; lastKnownFileType = sourcecode.c.c; path = utils.c; sourceTree = "<group>"; };
		8217E9191D82B4F7002340BF /* utils.h */ = {isa = PBXFileReference; fileEncoding = 4; lastKnownFileType = sourcecode.c.h; path = utils.h; sourceTree = "<group>"; };
		8234E8841D869BED0065BAE9 /* HBTCPHeader.h */ = {isa = PBXFileReference; fileEncoding = 4; lastKnownFileType = sourcecode.c.h; path = HBTCPHeader.h; sourceTree = "<group>"; };
		8234E8851D869BED0065BAE9 /* HBTCPHeader.m */ = {isa = PBXFileReference; fileEncoding = 4; lastKnownFileType = sourcecode.c.objc; path = HBTCPHeader.m; sourceTree = "<group>"; };
		8234E8871D869DB70065BAE9 /* HBTCPResponse.h */ = {isa = PBXFileReference; fileEncoding = 4; lastKnownFileType = sourcecode.c.h; path = HBTCPResponse.h; sourceTree = "<group>"; };
		8234E8881D869DB70065BAE9 /* HBTCPResponse.m */ = {isa = PBXFileReference; fileEncoding = 4; lastKnownFileType = sourcecode.c.objc; path = HBTCPResponse.m; sourceTree = "<group>"; };
		8234E88A1D86A9920065BAE9 /* HBTCPRegisterRequest.h */ = {isa = PBXFileReference; fileEncoding = 4; lastKnownFileType = sourcecode.c.h; path = HBTCPRegisterRequest.h; sourceTree = "<group>"; };
		8234E88B1D86A9920065BAE9 /* HBTCPRegisterRequest.m */ = {isa = PBXFileReference; fileEncoding = 4; lastKnownFileType = sourcecode.c.objc; path = HBTCPRegisterRequest.m; sourceTree = "<group>"; };
		82CEBAE51D878E2D0097FF01 /* HBTCPProtocol.h */ = {isa = PBXFileReference; fileEncoding = 4; lastKnownFileType = sourcecode.c.h; path = HBTCPProtocol.h; sourceTree = "<group>"; };
		82CEBAE61D8790550097FF01 /* HBTCPApiManager.h */ = {isa = PBXFileReference; fileEncoding = 4; lastKnownFileType = sourcecode.c.h; path = HBTCPApiManager.h; sourceTree = "<group>"; };
		82CEBAE71D8790550097FF01 /* HBTCPApiManager.m */ = {isa = PBXFileReference; fileEncoding = 4; lastKnownFileType = sourcecode.c.objc; path = HBTCPApiManager.m; sourceTree = "<group>"; };
		82CEBAE91D8794E90097FF01 /* HBTCPHeartRequest.h */ = {isa = PBXFileReference; fileEncoding = 4; lastKnownFileType = sourcecode.c.h; path = HBTCPHeartRequest.h; sourceTree = "<group>"; };
		82CEBAEA1D8794E90097FF01 /* HBTCPHeartRequest.m */ = {isa = PBXFileReference; fileEncoding = 4; lastKnownFileType = sourcecode.c.objc; path = HBTCPHeartRequest.m; sourceTree = "<group>"; };
		82CEBAEC1D879A2F0097FF01 /* HBNotificationKey.h */ = {isa = PBXFileReference; fileEncoding = 4; lastKnownFileType = sourcecode.c.h; path = HBNotificationKey.h; sourceTree = "<group>"; };
		82CEBAED1D879A2F0097FF01 /* HBNotificationKey.m */ = {isa = PBXFileReference; fileEncoding = 4; lastKnownFileType = sourcecode.c.objc; path = HBNotificationKey.m; sourceTree = "<group>"; };
/* End PBXFileReference section */

/* Begin PBXFrameworksBuildPhase section */
		8217E8E91D8283FC002340BF /* Frameworks */ = {
			isa = PBXFrameworksBuildPhase;
			buildActionMask = 2147483647;
			files = (
			);
			runOnlyForDeploymentPostprocessing = 0;
		};
/* End PBXFrameworksBuildPhase section */

/* Begin PBXGroup section */
		8217E8E31D8283FB002340BF = {
			isa = PBXGroup;
			children = (
				8217E8EE1D8283FC002340BF /* ShellSocket */,
				8217E8ED1D8283FC002340BF /* Products */,
			);
			sourceTree = "<group>";
		};
		8217E8ED1D8283FC002340BF /* Products */ = {
			isa = PBXGroup;
			children = (
				8217E8EC1D8283FC002340BF /* ShellSocket.app */,
			);
			name = Products;
			sourceTree = "<group>";
		};
		8217E8EE1D8283FC002340BF /* ShellSocket */ = {
			isa = PBXGroup;
			children = (
				8217E90E1D82B4F7002340BF /* cppClient */,
				8217E9061D82840C002340BF /* ShellSocket */,
				8217E8F21D8283FC002340BF /* AppDelegate.h */,
				8217E8F31D8283FC002340BF /* AppDelegate.m */,
				8217E8F51D8283FC002340BF /* ViewController.h */,
				8217E8F61D8283FC002340BF /* ViewController.m */,
				8217E8F81D8283FC002340BF /* Main.storyboard */,
				8217E8FB1D8283FC002340BF /* Assets.xcassets */,
				8217E8FD1D8283FC002340BF /* LaunchScreen.storyboard */,
				8217E9001D8283FC002340BF /* Info.plist */,
				8217E8EF1D8283FC002340BF /* Supporting Files */,
			);
			path = ShellSocket;
			sourceTree = "<group>";
		};
		8217E8EF1D8283FC002340BF /* Supporting Files */ = {
			isa = PBXGroup;
			children = (
				8217E8F01D8283FC002340BF /* main.m */,
			);
			name = "Supporting Files";
			sourceTree = "<group>";
		};
		8217E9061D82840C002340BF /* ShellSocket */ = {
			isa = PBXGroup;
			children = (
				82CEBAE61D8790550097FF01 /* HBTCPApiManager.h */,
				82CEBAE71D8790550097FF01 /* HBTCPApiManager.m */,
				8217E9071D828579002340BF /* HBTCPClientInstance.h */,
				8217E9081D828579002340BF /* HBTCPClientInstance.m */,
				8217E90A1D828795002340BF /* HBTCPHelper.h */,
				8217E90B1D828795002340BF /* HBTCPHelper.m */,
				8217E90D1D828F69002340BF /* HBTCPEnum.h */,
				82CEBAEC1D879A2F0097FF01 /* HBNotificationKey.h */,
				82CEBAED1D879A2F0097FF01 /* HBNotificationKey.m */,
				8234E88D1D86AB1C0065BAE9 /* Protocol */,
			);
			path = ShellSocket;
			sourceTree = "<group>";
		};
		8217E90E1D82B4F7002340BF /* cppClient */ = {
			isa = PBXGroup;
			children = (
				8217E90F1D82B4F7002340BF /* base64.cc */,
				8217E9101D82B4F7002340BF /* base64.h */,
				8217E9111D82B4F7002340BF /* client.cpp */,
				8217E9121D82B4F7002340BF /* client.h */,
				8217E9131D82B4F7002340BF /* interface.cpp */,
				8217E9141D82B4F7002340BF /* interface.h */,
				8217E9151D82B4F7002340BF /* protocol.c */,
				8217E9161D82B4F7002340BF /* protocol.h */,
				8217E9181D82B4F7002340BF /* utils.c */,
				8217E9191D82B4F7002340BF /* utils.h */,
			);
			path = cppClient;
			sourceTree = "<group>";
		};
		8234E88D1D86AB1C0065BAE9 /* Protocol */ = {
			isa = PBXGroup;
			children = (
				82CEBAE51D878E2D0097FF01 /* HBTCPProtocol.h */,
				8234E8841D869BED0065BAE9 /* HBTCPHeader.h */,
				8234E8851D869BED0065BAE9 /* HBTCPHeader.m */,
				8234E8871D869DB70065BAE9 /* HBTCPResponse.h */,
				8234E8881D869DB70065BAE9 /* HBTCPResponse.m */,
				8234E88A1D86A9920065BAE9 /* HBTCPRegisterRequest.h */,
				8234E88B1D86A9920065BAE9 /* HBTCPRegisterRequest.m */,
				82CEBAE91D8794E90097FF01 /* HBTCPHeartRequest.h */,
				82CEBAEA1D8794E90097FF01 /* HBTCPHeartRequest.m */,
			);
			name = Protocol;
			sourceTree = "<group>";
		};
/* End PBXGroup section */

/* Begin PBXNativeTarget section */
		8217E8EB1D8283FC002340BF /* ShellSocket */ = {
			isa = PBXNativeTarget;
			buildConfigurationList = 8217E9031D8283FC002340BF /* Build configuration list for PBXNativeTarget "ShellSocket" */;
			buildPhases = (
				8217E8E81D8283FC002340BF /* Sources */,
				8217E8E91D8283FC002340BF /* Frameworks */,
				8217E8EA1D8283FC002340BF /* Resources */,
			);
			buildRules = (
			);
			dependencies = (
			);
			name = ShellSocket;
			productName = ShellSocket;
			productReference = 8217E8EC1D8283FC002340BF /* ShellSocket.app */;
			productType = "com.apple.product-type.application";
		};
/* End PBXNativeTarget section */

/* Begin PBXProject section */
		8217E8E41D8283FC002340BF /* Project object */ = {
			isa = PBXProject;
			attributes = {
				LastUpgradeCheck = 0730;
				ORGANIZATIONNAME = MingleChang;
				TargetAttributes = {
					8217E8EB1D8283FC002340BF = {
						CreatedOnToolsVersion = 7.3.1;
					};
				};
			};
			buildConfigurationList = 8217E8E71D8283FC002340BF /* Build configuration list for PBXProject "ShellSocket" */;
			compatibilityVersion = "Xcode 3.2";
			developmentRegion = English;
			hasScannedForEncodings = 0;
			knownRegions = (
				en,
				Base,
			);
			mainGroup = 8217E8E31D8283FB002340BF;
			productRefGroup = 8217E8ED1D8283FC002340BF /* Products */;
			projectDirPath = "";
			projectRoot = "";
			targets = (
				8217E8EB1D8283FC002340BF /* ShellSocket */,
			);
		};
/* End PBXProject section */

/* Begin PBXResourcesBuildPhase section */
		8217E8EA1D8283FC002340BF /* Resources */ = {
			isa = PBXResourcesBuildPhase;
			buildActionMask = 2147483647;
			files = (
				8217E8FF1D8283FC002340BF /* LaunchScreen.storyboard in Resources */,
				8217E8FC1D8283FC002340BF /* Assets.xcassets in Resources */,
				8217E8FA1D8283FC002340BF /* Main.storyboard in Resources */,
			);
			runOnlyForDeploymentPostprocessing = 0;
		};
/* End PBXResourcesBuildPhase section */

/* Begin PBXSourcesBuildPhase section */
		8217E8E81D8283FC002340BF /* Sources */ = {
			isa = PBXSourcesBuildPhase;
			buildActionMask = 2147483647;
			files = (
				8217E91D1D82B4F7002340BF /* protocol.c in Sources */,
				8234E8861D869BED0065BAE9 /* HBTCPHeader.m in Sources */,
				8234E8891D869DB70065BAE9 /* HBTCPResponse.m in Sources */,
				8217E91A1D82B4F7002340BF /* base64.cc in Sources */,
				82CEBAEB1D8794E90097FF01 /* HBTCPHeartRequest.m in Sources */,
				8217E90C1D828795002340BF /* HBTCPHelper.m in Sources */,
				8217E8F71D8283FC002340BF /* ViewController.m in Sources */,
				8217E91B1D82B4F7002340BF /* client.cpp in Sources */,
				82CEBAEE1D879A2F0097FF01 /* HBNotificationKey.m in Sources */,
				8217E9091D828579002340BF /* HBTCPClientInstance.m in Sources */,
				82CEBAE81D8790550097FF01 /* HBTCPApiManager.m in Sources */,
				8217E8F41D8283FC002340BF /* AppDelegate.m in Sources */,
				8217E8F11D8283FC002340BF /* main.m in Sources */,
				8217E91C1D82B4F7002340BF /* interface.cpp in Sources */,
				8217E91F1D82B4F7002340BF /* utils.c in Sources */,
				8234E88C1D86A9920065BAE9 /* HBTCPRegisterRequest.m in Sources */,
			);
			runOnlyForDeploymentPostprocessing = 0;
		};
/* End PBXSourcesBuildPhase section */

/* Begin PBXVariantGroup section */
		8217E8F81D8283FC002340BF /* Main.storyboard */ = {
			isa = PBXVariantGroup;
			children = (
				8217E8F91D8283FC002340BF /* Base */,
			);
			name = Main.storyboard;
			sourceTree = "<group>";
		};
		8217E8FD1D8283FC002340BF /* LaunchScreen.storyboard */ = {
			isa = PBXVariantGroup;
			children = (
				8217E8FE1D8283FC002340BF /* Base */,
			);
			name = LaunchScreen.storyboard;
			sourceTree = "<group>";
		};
/* End PBXVariantGroup section */

/* Begin XCBuildConfiguration section */
		8217E9011D8283FC002340BF /* Debug */ = {
			isa = XCBuildConfiguration;
			buildSettings = {
				ALWAYS_SEARCH_USER_PATHS = NO;
				CLANG_ANALYZER_NONNULL = YES;
				CLANG_CXX_LANGUAGE_STANDARD = "gnu++0x";
				CLANG_CXX_LIBRARY = "libc++";
				CLANG_ENABLE_MODULES = YES;
				CLANG_ENABLE_OBJC_ARC = YES;
				CLANG_WARN_BOOL_CONVERSION = YES;
				CLANG_WARN_CONSTANT_CONVERSION = YES;
				CLANG_WARN_DIRECT_OBJC_ISA_USAGE = YES_ERROR;
				CLANG_WARN_EMPTY_BODY = YES;
				CLANG_WARN_ENUM_CONVERSION = YES;
				CLANG_WARN_INT_CONVERSION = YES;
				CLANG_WARN_OBJC_ROOT_CLASS = YES_ERROR;
				CLANG_WARN_UNREACHABLE_CODE = YES;
				CLANG_WARN__DUPLICATE_METHOD_MATCH = YES;
				"CODE_SIGN_IDENTITY[sdk=iphoneos*]" = "iPhone Developer";
				COPY_PHASE_STRIP = NO;
				DEBUG_INFORMATION_FORMAT = dwarf;
				ENABLE_STRICT_OBJC_MSGSEND = YES;
				ENABLE_TESTABILITY = YES;
				GCC_C_LANGUAGE_STANDARD = gnu99;
				GCC_DYNAMIC_NO_PIC = NO;
				GCC_NO_COMMON_BLOCKS = YES;
				GCC_OPTIMIZATION_LEVEL = 0;
				GCC_PREPROCESSOR_DEFINITIONS = (
					"DEBUG=1",
					"$(inherited)",
				);
				GCC_WARN_64_TO_32_BIT_CONVERSION = YES;
				GCC_WARN_ABOUT_RETURN_TYPE = YES_ERROR;
				GCC_WARN_UNDECLARED_SELECTOR = YES;
				GCC_WARN_UNINITIALIZED_AUTOS = YES_AGGRESSIVE;
				GCC_WARN_UNUSED_FUNCTION = YES;
				GCC_WARN_UNUSED_VARIABLE = YES;
				IPHONEOS_DEPLOYMENT_TARGET = 9.3;
				MTL_ENABLE_DEBUG_INFO = YES;
				ONLY_ACTIVE_ARCH = YES;
				SDKROOT = iphoneos;
			};
			name = Debug;
		};
		8217E9021D8283FC002340BF /* Release */ = {
			isa = XCBuildConfiguration;
			buildSettings = {
				ALWAYS_SEARCH_USER_PATHS = NO;
				CLANG_ANALYZER_NONNULL = YES;
				CLANG_CXX_LANGUAGE_STANDARD = "gnu++0x";
				CLANG_CXX_LIBRARY = "libc++";
				CLANG_ENABLE_MODULES = YES;
				CLANG_ENABLE_OBJC_ARC = YES;
				CLANG_WARN_BOOL_CONVERSION = YES;
				CLANG_WARN_CONSTANT_CONVERSION = YES;
				CLANG_WARN_DIRECT_OBJC_ISA_USAGE = YES_ERROR;
				CLANG_WARN_EMPTY_BODY = YES;
				CLANG_WARN_ENUM_CONVERSION = YES;
				CLANG_WARN_INT_CONVERSION = YES;
				CLANG_WARN_OBJC_ROOT_CLASS = YES_ERROR;
				CLANG_WARN_UNREACHABLE_CODE = YES;
				CLANG_WARN__DUPLICATE_METHOD_MATCH = YES;
				"CODE_SIGN_IDENTITY[sdk=iphoneos*]" = "iPhone Developer";
				COPY_PHASE_STRIP = NO;
				DEBUG_INFORMATION_FORMAT = "dwarf-with-dsym";
				ENABLE_NS_ASSERTIONS = NO;
				ENABLE_STRICT_OBJC_MSGSEND = YES;
				GCC_C_LANGUAGE_STANDARD = gnu99;
				GCC_NO_COMMON_BLOCKS = YES;
				GCC_WARN_64_TO_32_BIT_CONVERSION = YES;
				GCC_WARN_ABOUT_RETURN_TYPE = YES_ERROR;
				GCC_WARN_UNDECLARED_SELECTOR = YES;
				GCC_WARN_UNINITIALIZED_AUTOS = YES_AGGRESSIVE;
				GCC_WARN_UNUSED_FUNCTION = YES;
				GCC_WARN_UNUSED_VARIABLE = YES;
				IPHONEOS_DEPLOYMENT_TARGET = 9.3;
				MTL_ENABLE_DEBUG_INFO = NO;
				SDKROOT = iphoneos;
				VALIDATE_PRODUCT = YES;
			};
			name = Release;
		};
		8217E9041D8283FC002340BF /* Debug */ = {
			isa = XCBuildConfiguration;
			buildSettings = {
				ASSETCATALOG_COMPILER_APPICON_NAME = AppIcon;
				INFOPLIST_FILE = ShellSocket/Info.plist;
				LD_RUNPATH_SEARCH_PATHS = "$(inherited) @executable_path/Frameworks";
				PRODUCT_BUNDLE_IDENTIFIER = mingle.ShellSocket;
				PRODUCT_NAME = "$(TARGET_NAME)";
			};
			name = Debug;
		};
		8217E9051D8283FC002340BF /* Release */ = {
			isa = XCBuildConfiguration;
			buildSettings = {
				ASSETCATALOG_COMPILER_APPICON_NAME = AppIcon;
				INFOPLIST_FILE = ShellSocket/Info.plist;
				LD_RUNPATH_SEARCH_PATHS = "$(inherited) @executable_path/Frameworks";
				PRODUCT_BUNDLE_IDENTIFIER = mingle.ShellSocket;
				PRODUCT_NAME = "$(TARGET_NAME)";
			};
			name = Release;
		};
/* End XCBuildConfiguration section */

/* Begin XCConfigurationList section */
		8217E8E71D8283FC002340BF /* Build configuration list for PBXProject "ShellSocket" */ = {
			isa = XCConfigurationList;
			buildConfigurations = (
				8217E9011D8283FC002340BF /* Debug */,
				8217E9021D8283FC002340BF /* Release */,
			);
			defaultConfigurationIsVisible = 0;
			defaultConfigurationName = Release;
		};
		8217E9031D8283FC002340BF /* Build configuration list for PBXNativeTarget "ShellSocket" */ = {
			isa = XCConfigurationList;
			buildConfigurations = (
				8217E9041D8283FC002340BF /* Debug */,
				8217E9051D8283FC002340BF /* Release */,
			);
			defaultConfigurationIsVisible = 0;
			defaultConfigurationName = Release;
		};
/* End XCConfigurationList section */
	};
	rootObject = 8217E8E41D8283FC002340BF /* Project object */;
}
